{
  "nodes": {
    "devshell": {
      "inputs": {
        "nixpkgs": [
          "nixpkgs"
        ]
      },
      "locked": {
        "lastModified": 1768818222,
        "narHash": "sha256-460jc0+CZfyaO8+w8JNtlClB2n4ui1RbHfPTLkpwhU8=",
        "owner": "numtide",
        "repo": "devshell",
        "rev": "255a2b1725a20d060f566e4755dbf571bbbb5f76",
        "type": "github"
      },
      "original": {
        "owner": "numtide",
        "repo": "devshell",
        "type": "github"
      }
    },
    "nixpkgs": {
      "locked": {
        "lastModified": 1775464765,
        "narHash": "sha256-nex6TL2x1/sVHCyDWcvl1t/dbTedb9bAGC4DLf/pmYk=",
        "owner": "NixOS",
        "repo": "nixpkgs",
        "rev": "83e29f2b8791f6dec20804382fcd9a666d744c07",
        "type": "github"
      },
      "original": {
        "owner": "NixOS",
        "ref": "nixpkgs-unstable",
        "repo": "nixpkgs",
        "type": "github"
      }
    },
    "root": {
      "inputs": {
        "devshell": "devshell",
        "nixpkgs": "nixpkgs",
        "rust-overlay": "rust-overlay"
      }
    },
    "rust-overlay": {
      "inputs": {
        "nixpkgs": [
          "nixpkgs"
        ]
      },
      "locked": {
        "lastModified": 1775531562,
        "narHash": "sha256-G83GDxQo6lqO5aeTSD5RFLhnh2g6DzJpSvSju2EjjrQ=",
        "owner": "oxalica",
        "repo": "rust-overlay",
        "rev": "d8b1b209203665924c81eabf750492530754f27e",
        "type": "github"
      },
      "original": {
        "owner": "oxalica",
        "repo": "rust-overlay",
        "type": "github"
      }
    }
  },
  "root": "root",
  "version": 7
}
